// !$*UTF8*$!
{
	archiveVersion = 1;
	classes = {
	};
	objectVersion = 50;
	objects = {

/* Begin PBXBuildFile section */
		5B6274FD24D312050088B85C /* AppDelegate.swift in Sources */ = {isa = PBXBuildFile; fileRef = 5B6274FC24D312050088B85C /* AppDelegate.swift */; };
		5B6274FF24D312050088B85C /* ViewController.swift in Sources */ = {isa = PBXBuildFile; fileRef = 5B6274FE24D312050088B85C /* ViewController.swift */; };
		5B62750224D312050088B85C /* Main.storyboard in Resources */ = {isa = PBXBuildFile; fileRef = 5B62750024D312050088B85C /* Main.storyboard */; };
		5B62750424D312080088B85C /* Assets.xcassets in Resources */ = {isa = PBXBuildFile; fileRef = 5B62750324D312080088B85C /* Assets.xcassets */; };
		5B62750724D312080088B85C /* LaunchScreen.storyboard in Resources */ = {isa = PBXBuildFile; fileRef = 5B62750524D312080088B85C /* LaunchScreen.storyboard */; };
		5B62750F24D341360088B85C /* Constants.swift in Sources */ = {isa = PBXBuildFile; fileRef = 5B62750E24D341360088B85C /* Constants.swift */; };
		5B62751124D345940088B85C /* Video.swift in Sources */ = {isa = PBXBuildFile; fileRef = 5B62751024D345940088B85C /* Video.swift */; };
		5B62751324D346820088B85C /* Model.swift in Sources */ = {isa = PBXBuildFile; fileRef = 5B62751224D346820088B85C /* Model.swift */; };
/* End PBXBuildFile section */

/* Begin PBXFileReference section */
		5B6274F924D312050088B85C /* Youtube-onedaybuilder.app */ = {isa = PBXFileReference; explicitFileType = wrapper.application; includeInIndex = 0; path = "Youtube-onedaybuilder.app"; sourceTree = BUILT_PRODUCTS_DIR; };
		5B6274FC24D312050088B85C /* AppDelegate.swift */ = {isa = PBXFileReference; lastKnownFileType = sourcecode.swift; path = AppDelegate.swift; sourceTree = "<group>"; };
		5B6274FE24D312050088B85C /* ViewController.swift */ = {isa = PBXFileReference; lastKnownFileType = sourcecode.swift; path = ViewController.swift; sourceTree = "<group>"; };
		5B62750124D312050088B85C /* Base */ = {isa = PBXFileReference; lastKnownFileType = file.storyboard; name = Base; path = Base.lproj/Main.storyboard; sourceTree = "<group>"; };
		5B62750324D312080088B85C /* Assets.xcassets */ = {isa = PBXFileReference; lastKnownFileType = folder.assetcatalog; path = Assets.xcassets; sourceTree = "<group>"; };
		5B62750624D312080088B85C /* Base */ = {isa = PBXFileReference; lastKnownFileType = file.storyboard; name = Base; path = Base.lproj/LaunchScreen.storyboard; sourceTree = "<group>"; };
		5B62750824D312080088B85C /* Info.plist */ = {isa = PBXFileReference; lastKnownFileType = text.plist.xml; path = Info.plist; sourceTree = "<group>"; };
		5B62750E24D341360088B85C /* Constants.swift */ = {isa = PBXFileReference; lastKnownFileType = sourcecode.swift; path = Constants.swift; sourceTree = "<group>"; };
		5B62751024D345940088B85C /* Video.swift */ = {isa = PBXFileReference; lastKnownFileType = sourcecode.swift; path = Video.swift; sourceTree = "<group>"; };
		5B62751224D346820088B85C /* Model.swift */ = {isa = PBXFileReference; lastKnownFileType = sourcecode.swift; path = Model.swift; sourceTree = "<group>"; };
/* End PBXFileReference section */

/* Begin PBXFrameworksBuildPhase section */
		5B6274F624D312050088B85C /* Frameworks */ = {
			isa = PBXFrameworksBuildPhase;
			buildActionMask = 2147483647;
			files = (
			);
			runOnlyForDeploymentPostprocessing = 0;
		};
/* End PBXFrameworksBuildPhase section */

/* Begin PBXGroup section */
		5B6274F024D312050088B85C = {
			isa = PBXGroup;
			children = (
				5B6274FB24D312050088B85C /* Youtube-onedaybuilder */,
				5B6274FA24D312050088B85C /* Products */,
			);
			sourceTree = "<group>";
		};
		5B6274FA24D312050088B85C /* Products */ = {
			isa = PBXGroup;
			children = (
				5B6274F924D312050088B85C /* Youtube-onedaybuilder.app */,
			);
			name = Products;
			sourceTree = "<group>";
		};
		5B6274FB24D312050088B85C /* Youtube-onedaybuilder */ = {
			isa = PBXGroup;
			children = (
				5B6274FC24D312050088B85C /* AppDelegate.swift */,
				5B6274FE24D312050088B85C /* ViewController.swift */,
				5B62750E24D341360088B85C /* Constants.swift */,
				5B62751024D345940088B85C /* Video.swift */,
				5B62751224D346820088B85C /* Model.swift */,
				5B62750024D312050088B85C /* Main.storyboard */,
				5B62750324D312080088B85C /* Assets.xcassets */,
				5B62750524D312080088B85C /* LaunchScreen.storyboard */,
				5B62750824D312080088B85C /* Info.plist */,
			);
			path = "Youtube-onedaybuilder";
			sourceTree = "<group>";
		};
/* End PBXGroup section */

/* Begin PBXNativeTarget section */
		5B6274F824D312050088B85C /* Youtube-onedaybuilder */ = {
			isa = PBXNativeTarget;
			buildConfigurationList = 5B62750B24D312080088B85C /* Build configuration list for PBXNativeTarget "Youtube-onedaybuilder" */;
			buildPhases = (
				5B6274F524D312050088B85C /* Sources */,
				5B6274F624D312050088B85C /* Frameworks */,
				5B6274F724D312050088B85C /* Resources */,
			);
			buildRules = (
			);
			dependencies = (
			);
			name = "Youtube-onedaybuilder";
			productName = "Youtube-onedaybuilder";
			productReference = 5B6274F924D312050088B85C /* Youtube-onedaybuilder.app */;
			productType = "com.apple.product-type.application";
		};
/* End PBXNativeTarget section */

/* Begin PBXProject section */
		5B6274F124D312050088B85C /* Project object */ = {
			isa = PBXProject;
			attributes = {
				LastSwiftUpdateCheck = 1030;
				LastUpgradeCheck = 1030;
				ORGANIZATIONNAME = "Rishi Lund";
				TargetAttributes = {
					5B6274F824D312050088B85C = {
						CreatedOnToolsVersion = 10.3;
					};
				};
			};
			buildConfigurationList = 5B6274F424D312050088B85C /* Build configuration list for PBXProject "Youtube-onedaybuilder" */;
			compatibilityVersion = "Xcode 9.3";
			developmentRegion = en;
			hasScannedForEncodings = 0;
			knownRegions = (
				en,
				Base,
			);
			mainGroup = 5B6274F024D312050088B85C;
			productRefGroup = 5B6274FA24D312050088B85C /* Products */;
			projectDirPath = "";
			projectRoot = "";
			targets = (
				5B6274F824D312050088B85C /* Youtube-onedaybuilder */,
			);
		};
/* End PBXProject section */

/* Begin PBXResourcesBuildPhase section */
		5B6274F724D312050088B85C /* Resources */ = {
			isa = PBXResourcesBuildPhase;
			buildActionMask = 2147483647;
			files = (
				5B62750724D312080088B85C /* LaunchScreen.storyboard in Resources */,
				5B62750424D312080088B85C /* Assets.xcassets in Resources */,
				5B62750224D312050088B85C /* Main.storyboard in Resources */,
			);
			runOnlyForDeploymentPostprocessing = 0;
		};
/* End PBXResourcesBuildPhase section */

/* Begin PBXSourcesBuildPhase section */
		5B6274F524D312050088B85C /* Sources */ = {
			isa = PBXSourcesBuildPhase;
			buildActionMask = 2147483647;
			files = (
				5B62751324D346820088B85C /* Model.swift in Sources */,
				5B6274FF24D312050088B85C /* ViewController.swift in Sources */,
				5B62751124D345940088B85C /* Video.swift in Sources */,
				5B6274FD24D312050088B85C /* AppDelegate.swift in Sources */,
				5B62750F24D341360088B85C /* Constants.swift in Sources */,
			);
			runOnlyForDeploymentPostprocessing = 0;
		};
/* End PBXSourcesBuildPhase section */

/* Begin PBXVariantGroup section */
		5B62750024D312050088B85C /* Main.storyboard */ = {
			isa = PBXVariantGroup;
			children = (
				5B62750124D312050088B85C /* Base */,
			);
			name = Main.storyboard;
			sourceTree = "<group>";
		};
		5B62750524D312080088B85C /* LaunchScreen.storyboard */ = {
			isa = PBXVariantGroup;
			children = (
				5B62750624D312080088B85C /* Base */,
			);
			name = LaunchScreen.storyboard;
			sourceTree = "<group>";
		};
/* End PBXVariantGroup section */

/* Begin XCBuildConfiguration section */
		5B62750924D312080088B85C /* Debug */ = {
			isa = XCBuildConfiguration;
			buildSettings = {
				ALWAYS_SEARCH_USER_PATHS = NO;
				CLANG_ANALYZER_NONNULL = YES;
				CLANG_ANALYZER_NUMBER_OBJECT_CONVERSION = YES_AGGRESSIVE;
				CLANG_CXX_LANGUAGE_STANDARD = "gnu++14";
				CLANG_CXX_LIBRARY = "libc++";
				CLANG_ENABLE_MODULES = YES;
				CLANG_ENABLE_OBJC_ARC = YES;
				CLANG_ENABLE_OBJC_WEAK = YES;
				CLANG_WARN_BLOCK_CAPTURE_AUTORELEASING = YES;
				CLANG_WARN_BOOL_CONVERSION = YES;
				CLANG_WARN_COMMA = YES;
				CLANG_WARN_CONSTANT_CONVERSION = YES;
				CLANG_WARN_DEPRECATED_OBJC_IMPLEMENTATIONS = YES;
				CLANG_WARN_DIRECT_OBJC_ISA_USAGE = YES_ERROR;
				CLANG_WARN_DOCUMENTATION_COMMENTS = YES;
				CLANG_WARN_EMPTY_BODY = YES;
				CLANG_WARN_ENUM_CONVERSION = YES;
				CLANG_WARN_INFINITE_RECURSION = YES;
				CLANG_WARN_INT_CONVERSION = YES;
				CLANG_WARN_NON_LITERAL_NULL_CONVERSION = YES;
				CLANG_WARN_OBJC_IMPLICIT_RETAIN_SELF = YES;
				CLANG_WARN_OBJC_LITERAL_CONVERSION = YES;
				CLANG_WARN_OBJC_ROOT_CLASS = YES_ERROR;
				CLANG_WARN_RANGE_LOOP_ANALYSIS = YES;
				CLANG_WARN_STRICT_PROTOTYPES = YES;
				CLANG_WARN_SUSPICIOUS_MOVE = YES;
				CLANG_WARN_UNGUARDED_AVAILABILITY = YES_AGGRESSIVE;
				CLANG_WARN_UNREACHABLE_CODE = YES;
				CLANG_WARN__DUPLICATE_METHOD_MATCH = YES;
				CODE_SIGN_IDENTITY = "iPhone Developer";
				COPY_PHASE_STRIP = NO;
				DEBUG_INFORMATION_FORMAT = dwarf;
				ENABLE_STRICT_OBJC_MSGSEND = YES;
				ENABLE_TESTABILITY = YES;
				GCC_C_LANGUAGE_STANDARD = gnu11;
				GCC_DYNAMIC_NO_PIC = NO;
				GCC_NO_COMMON_BLOCKS = YES;
				GCC_OPTIMIZATION_LEVEL = 0;
				GCC_PREPROCESSOR_DEFINITIONS = (
					"DEBUG=1",
					"$(inherited)",
				);
				GCC_WARN_64_TO_32_BIT_CONVERSION = YES;
				GCC_WARN_ABOUT_RETURN_TYPE = YES_ERROR;
				GCC_WARN_UNDECLARED_SELECTOR = YES;
				GCC_WARN_UNINITIALIZED_AUTOS = YES_AGGRESSIVE;
				GCC_WARN_UNUSED_FUNCTION = YES;
				GCC_WARN_UNUSED_VARIABLE = YES;
				IPHONEOS_DEPLOYMENT_TARGET = 12.4;
				MTL_ENABLE_DEBUG_INFO = INCLUDE_SOURCE;
				MTL_FAST_MATH = YES;
				ONLY_ACTIVE_ARCH = YES;
				SDKROOT = iphoneos;
				SWIFT_ACTIVE_COMPILATION_CONDITIONS = DEBUG;
				SWIFT_OPTIMIZATION_LEVEL = "-Onone";
			};
			name = Debug;
		};
		5B62750A24D312080088B85C /* Release */ = {
			isa = XCBuildConfiguration;
			buildSettings = {
				ALWAYS_SEARCH_USER_PATHS = NO;
				CLANG_ANALYZER_NONNULL = YES;
				CLANG_ANALYZER_NUMBER_OBJECT_CONVERSION = YES_AGGRESSIVE;
				CLANG_CXX_LANGUAGE_STANDARD = "gnu++14";
				CLANG_CXX_LIBRARY = "libc++";
				CLANG_ENABLE_MODULES = YES;
				CLANG_ENABLE_OBJC_ARC = YES;
				CLANG_ENABLE_OBJC_WEAK = YES;
				CLANG_WARN_BLOCK_CAPTURE_AUTORELEASING = YES;
				CLANG_WARN_BOOL_CONVERSION = YES;
				CLANG_WARN_COMMA = YES;
				CLANG_WARN_CONSTANT_CONVERSION = YES;
				CLANG_WARN_DEPRECATED_OBJC_IMPLEMENTATIONS = YES;
				CLANG_WARN_DIRECT_OBJC_ISA_USAGE = YES_ERROR;
				CLANG_WARN_DOCUMENTATION_COMMENTS = YES;
				CLANG_WARN_EMPTY_BODY = YES;
				CLANG_WARN_ENUM_CONVERSION = YES;
				CLANG_WARN_INFINITE_RECURSION = YES;
				CLANG_WARN_INT_CONVERSION = YES;
				CLANG_WARN_NON_LITERAL_NULL_CONVERSION = YES;
				CLANG_WARN_OBJC_IMPLICIT_RETAIN_SELF = YES;
				CLANG_WARN_OBJC_LITERAL_CONVERSION = YES;
				CLANG_WARN_OBJC_ROOT_CLASS = YES_ERROR;
				CLANG_WARN_RANGE_LOOP_ANALYSIS = YES;
				CLANG_WARN_STRICT_PROTOTYPES = YES;
				CLANG_WARN_SUSPICIOUS_MOVE = YES;
				CLANG_WARN_UNGUARDED_AVAILABILITY = YES_AGGRESSIVE;
				CLANG_WARN_UNREACHABLE_CODE = YES;
				CLANG_WARN__DUPLICATE_METHOD_MATCH = YES;
				CODE_SIGN_IDENTITY = "iPhone Developer";
				COPY_PHASE_STRIP = NO;
				DEBUG_INFORMATION_FORMAT = "dwarf-with-dsym";
				ENABLE_NS_ASSERTIONS = NO;
				ENABLE_STRICT_OBJC_MSGSEND = YES;
				GCC_C_LANGUAGE_STANDARD = gnu11;
				GCC_NO_COMMON_BLOCKS = YES;
				GCC_WARN_64_TO_32_BIT_CONVERSION = YES;
				GCC_WARN_ABOUT_RETURN_TYPE = YES_ERROR;
				GCC_WARN_UNDECLARED_SELECTOR = YES;
				GCC_WARN_UNINITIALIZED_AUTOS = YES_AGGRESSIVE;
				GCC_WARN_UNUSED_FUNCTION = YES;
				GCC_WARN_UNUSED_VARIABLE = YES;
				IPHONEOS_DEPLOYMENT_TARGET = 12.4;
				MTL_ENABLE_DEBUG_INFO = NO;
				MTL_FAST_MATH = YES;
				SDKROOT = iphoneos;
				SWIFT_COMPILATION_MODE = wholemodule;
				SWIFT_OPTIMIZATION_LEVEL = "-O";
				VALIDATE_PRODUCT = YES;
			};
			name = Release;
		};
		5B62750C24D312080088B85C /* Debug */ = {
			isa = XCBuildConfiguration;
			buildSettings = {
				ASSETCATALOG_COMPILER_APPICON_NAME = AppIcon;
				CODE_SIGN_STYLE = Automatic;
				INFOPLIST_FILE = "Youtube-onedaybuilder/Info.plist";
				LD_RUNPATH_SEARCH_PATHS = (
					"$(inherited)",
					"@executable_path/Frameworks",
				);
				PRODUCT_BUNDLE_IDENTIFIER = "com.Rishi-sCo.Youtube-onedaybuilder";
				PRODUCT_NAME = "$(TARGET_NAME)";
				SWIFT_VERSION = 5.0;
				TARGETED_DEVICE_FAMILY = "1,2";
			};
			name = Debug;
		};
		5B62750D24D312080088B85C /* Release */ = {
			isa = XCBuildConfiguration;
			buildSettings = {
				ASSETCATALOG_COMPILER_APPICON_NAME = AppIcon;
				CODE_SIGN_STYLE = Automatic;
				INFOPLIST_FILE = "Youtube-onedaybuilder/Info.plist";
				LD_RUNPATH_SEARCH_PATHS = (
					"$(inherited)",
					"@executable_path/Frameworks",
				);
				PRODUCT_BUNDLE_IDENTIFIER = "com.Rishi-sCo.Youtube-onedaybuilder";
				PRODUCT_NAME = "$(TARGET_NAME)";
				SWIFT_VERSION = 5.0;
				TARGETED_DEVICE_FAMILY = "1,2";
			};
			name = Release;
		};
/* End XCBuildConfiguration section */

/* Begin XCConfigurationList section */
		5B6274F424D312050088B85C /* Build configuration list for PBXProject "Youtube-onedaybuilder" */ = {
			isa = XCConfigurationList;
			buildConfigurations = (
				5B62750924D312080088B85C /* Debug */,
				5B62750A24D312080088B85C /* Release */,
			);
			defaultConfigurationIsVisible = 0;
			defaultConfigurationName = Release;
		};
		5B62750B24D312080088B85C /* Build configuration list for PBXNativeTarget "Youtube-onedaybuilder" */ = {
			isa = XCConfigurationList;
			buildConfigurations = (
				5B62750C24D312080088B85C /* Debug */,
				5B62750D24D312080088B85C /* Release */,
			);
			defaultConfigurationIsVisible = 0;
			defaultConfigurationName = Release;
		};
/* End XCConfigurationList section */
	};
	rootObject = 5B6274F124D312050088B85C /* Project object */;
}
